
Microsoft Visual Studio Solution File, Format Version 12.00
# Visual Studio Version 16
VisualStudioVersion = 16.0.29728.190
MinimumVisualStudioVersion = 10.0.40219.1
Project("{FAE04EC0-301F-11D3-BF4B-00C04F79EFBC}") = "lab2", "lab2\lab2.csproj", "{4AABC6D0-D281-4649-BD29-B1884B7964AB}"
EndProject
Global
	GlobalSection(SolutionConfigurationPlatforms) = preSolution
		Debug|Any CPU = Debug|Any CPU
		Release|Any CPU = Release|Any CPU
	EndGlobalSection
	GlobalSection(ProjectConfigurationPlatforms) = postSolution
		{4AABC6D0-D281-4649-BD29-B1884B7964AB}.Debug|Any CPU.ActiveCfg = Debug|Any CPU
		{4AABC6D0-D281-4649-BD29-B1884B7964AB}.Debug|Any CPU.Build.0 = Debug|Any CPU
		{4AABC6D0-D281-4649-BD29-B1884B7964AB}.Release|Any CPU.ActiveCfg = Release|Any CPU
		{4AABC6D0-D281-4649-BD29-B1884B7964AB}.Release|Any CPU.Build.0 = Release|Any CPU
	EndGlobalSection
	GlobalSection(SolutionProperties) = preSolution
		HideSolutionNode = FALSE
	EndGlobalSection
	GlobalSection(ExtensibilityGlobals) = postSolution
		SolutionGuid = {28D6459E-360B-4D5C-83A9-8D2B86287998}
	EndGlobalSection
EndGlobal
